// !$*UTF8*$!
{
	archiveVersion = 1;
	classes = {
	};
	objectVersion = 50;
	objects = {

/* Begin PBXBuildFile section */
		1CE73C1B24D32B9800F39922 /* AppDelegate.swift in Sources */ = {isa = PBXBuildFile; fileRef = 1CE73C1A24D32B9800F39922 /* AppDelegate.swift */; };
		1CE73C1D24D32B9800F39922 /* SceneDelegate.swift in Sources */ = {isa = PBXBuildFile; fileRef = 1CE73C1C24D32B9800F39922 /* SceneDelegate.swift */; };
		1CE73C1F24D32B9800F39922 /* ContentView.swift in Sources */ = {isa = PBXBuildFile; fileRef = 1CE73C1E24D32B9800F39922 /* ContentView.swift */; };
		1CE73C2124D32B9A00F39922 /* Assets.xcassets in Resources */ = {isa = PBXBuildFile; fileRef = 1CE73C2024D32B9A00F39922 /* Assets.xcassets */; };
		1CE73C2424D32B9A00F39922 /* Preview Assets.xcassets in Resources */ = {isa = PBXBuildFile; fileRef = 1CE73C2324D32B9A00F39922 /* Preview Assets.xcassets */; };
		1CE73C2724D32B9A00F39922 /* LaunchScreen.storyboard in Resources */ = {isa = PBXBuildFile; fileRef = 1CE73C2524D32B9A00F39922 /* LaunchScreen.storyboard */; };
		1CE73C3024D32DF000F39922 /* Pacifico-Regular.ttf in Resources */ = {isa = PBXBuildFile; fileRef = 1CE73C2F24D32DF000F39922 /* Pacifico-Regular.ttf */; };
		1CE73C3224D3340200F39922 /* InfoView.swift in Sources */ = {isa = PBXBuildFile; fileRef = 1CE73C3124D3340200F39922 /* InfoView.swift */; };
/* End PBXBuildFile section */

/* Begin PBXFileReference section */
		1CE73C1724D32B9800F39922 /* GeetanshCard.app */ = {isa = PBXFileReference; explicitFileType = wrapper.application; includeInIndex = 0; path = GeetanshCard.app; sourceTree = BUILT_PRODUCTS_DIR; };
		1CE73C1A24D32B9800F39922 /* AppDelegate.swift */ = {isa = PBXFileReference; lastKnownFileType = sourcecode.swift; path = AppDelegate.swift; sourceTree = "<group>"; };
		1CE73C1C24D32B9800F39922 /* SceneDelegate.swift */ = {isa = PBXFileReference; lastKnownFileType = sourcecode.swift; path = SceneDelegate.swift; sourceTree = "<group>"; };
		1CE73C1E24D32B9800F39922 /* ContentView.swift */ = {isa = PBXFileReference; lastKnownFileType = sourcecode.swift; path = ContentView.swift; sourceTree = "<group>"; };
		1CE73C2024D32B9A00F39922 /* Assets.xcassets */ = {isa = PBXFileReference; lastKnownFileType = folder.assetcatalog; path = Assets.xcassets; sourceTree = "<group>"; };
		1CE73C2324D32B9A00F39922 /* Preview Assets.xcassets */ = {isa = PBXFileReference; lastKnownFileType = folder.assetcatalog; path = "Preview Assets.xcassets"; sourceTree = "<group>"; };
		1CE73C2624D32B9A00F39922 /* Base */ = {isa = PBXFileReference; lastKnownFileType = file.storyboard; name = Base; path = Base.lproj/LaunchScreen.storyboard; sourceTree = "<group>"; };
		1CE73C2824D32B9A00F39922 /* Info.plist */ = {isa = PBXFileReference; lastKnownFileType = text.plist.xml; path = Info.plist; sourceTree = "<group>"; };
		1CE73C2F24D32DF000F39922 /* Pacifico-Regular.ttf */ = {isa = PBXFileReference; lastKnownFileType = file; path = "Pacifico-Regular.ttf"; sourceTree = "<group>"; };
		1CE73C3124D3340200F39922 /* InfoView.swift */ = {isa = PBXFileReference; lastKnownFileType = sourcecode.swift; path = InfoView.swift; sourceTree = "<group>"; };
/* End PBXFileReference section */

/* Begin PBXFrameworksBuildPhase section */
		1CE73C1424D32B9800F39922 /* Frameworks */ = {
			isa = PBXFrameworksBuildPhase;
			buildActionMask = 2147483647;
			files = (
			);
			runOnlyForDeploymentPostprocessing = 0;
		};
/* End PBXFrameworksBuildPhase section */

/* Begin PBXGroup section */
		1CE73C0E24D32B9800F39922 = {
			isa = PBXGroup;
			children = (
				1CE73C1924D32B9800F39922 /* GeetanshCard */,
				1CE73C1824D32B9800F39922 /* Products */,
			);
			sourceTree = "<group>";
		};
		1CE73C1824D32B9800F39922 /* Products */ = {
			isa = PBXGroup;
			children = (
				1CE73C1724D32B9800F39922 /* GeetanshCard.app */,
			);
			name = Products;
			sourceTree = "<group>";
		};
		1CE73C1924D32B9800F39922 /* GeetanshCard */ = {
			isa = PBXGroup;
			children = (
				1CE73C2E24D32DB900F39922 /* fonts */,
				1CE73C1A24D32B9800F39922 /* AppDelegate.swift */,
				1CE73C1C24D32B9800F39922 /* SceneDelegate.swift */,
				1CE73C1E24D32B9800F39922 /* ContentView.swift */,
				1CE73C3124D3340200F39922 /* InfoView.swift */,
				1CE73C2024D32B9A00F39922 /* Assets.xcassets */,
				1CE73C2524D32B9A00F39922 /* LaunchScreen.storyboard */,
				1CE73C2824D32B9A00F39922 /* Info.plist */,
				1CE73C2224D32B9A00F39922 /* Preview Content */,
			);
			path = GeetanshCard;
			sourceTree = "<group>";
		};
		1CE73C2224D32B9A00F39922 /* Preview Content */ = {
			isa = PBXGroup;
			children = (
				1CE73C2324D32B9A00F39922 /* Preview Assets.xcassets */,
			);
			path = "Preview Content";
			sourceTree = "<group>";
		};
		1CE73C2E24D32DB900F39922 /* fonts */ = {
			isa = PBXGroup;
			children = (
				1CE73C2F24D32DF000F39922 /* Pacifico-Regular.ttf */,
			);
			path = fonts;
			sourceTree = "<group>";
		};
/* End PBXGroup section */

/* Begin PBXNativeTarget section */
		1CE73C1624D32B9800F39922 /* GeetanshCard */ = {
			isa = PBXNativeTarget;
			buildConfigurationList = 1CE73C2B24D32B9A00F39922 /* Build configuration list for PBXNativeTarget "GeetanshCard" */;
			buildPhases = (
				1CE73C1324D32B9800F39922 /* Sources */,
				1CE73C1424D32B9800F39922 /* Frameworks */,
				1CE73C1524D32B9800F39922 /* Resources */,
			);
			buildRules = (
			);
			dependencies = (
			);
			name = GeetanshCard;
			productName = GeetanshCard;
			productReference = 1CE73C1724D32B9800F39922 /* GeetanshCard.app */;
			productType = "com.apple.product-type.application";
		};
/* End PBXNativeTarget section */

/* Begin PBXProject section */
		1CE73C0F24D32B9800F39922 /* Project object */ = {
			isa = PBXProject;
			attributes = {
				LastSwiftUpdateCheck = 1150;
				LastUpgradeCheck = 1150;
				ORGANIZATIONNAME = SpikedShark;
				TargetAttributes = {
					1CE73C1624D32B9800F39922 = {
						CreatedOnToolsVersion = 11.5;
					};
				};
			};
			buildConfigurationList = 1CE73C1224D32B9800F39922 /* Build configuration list for PBXProject "GeetanshCard" */;
			compatibilityVersion = "Xcode 9.3";
			developmentRegion = en;
			hasScannedForEncodings = 0;
			knownRegions = (
				en,
				Base,
			);
			mainGroup = 1CE73C0E24D32B9800F39922;
			productRefGroup = 1CE73C1824D32B9800F39922 /* Products */;
			projectDirPath = "";
			projectRoot = "";
			targets = (
				1CE73C1624D32B9800F39922 /* GeetanshCard */,
			);
		};
/* End PBXProject section */

/* Begin PBXResourcesBuildPhase section */
		1CE73C1524D32B9800F39922 /* Resources */ = {
			isa = PBXResourcesBuildPhase;
			buildActionMask = 2147483647;
			files = (
				1CE73C2724D32B9A00F39922 /* LaunchScreen.storyboard in Resources */,
				1CE73C3024D32DF000F39922 /* Pacifico-Regular.ttf in Resources */,
				1CE73C2424D32B9A00F39922 /* Preview Assets.xcassets in Resources */,
				1CE73C2124D32B9A00F39922 /* Assets.xcassets in Resources */,
			);
			runOnlyForDeploymentPostprocessing = 0;
		};
/* End PBXResourcesBuildPhase section */

/* Begin PBXSourcesBuildPhase section */
		1CE73C1324D32B9800F39922 /* Sources */ = {
			isa = PBXSourcesBuildPhase;
			buildActionMask = 2147483647;
			files = (
				1CE73C3224D3340200F39922 /* InfoView.swift in Sources */,
				1CE73C1B24D32B9800F39922 /* AppDelegate.swift in Sources */,
				1CE73C1D24D32B9800F39922 /* SceneDelegate.swift in Sources */,
				1CE73C1F24D32B9800F39922 /* ContentView.swift in Sources */,
			);
			runOnlyForDeploymentPostprocessing = 0;
		};
/* End PBXSourcesBuildPhase section */

/* Begin PBXVariantGroup section */
		1CE73C2524D32B9A00F39922 /* LaunchScreen.storyboard */ = {
			isa = PBXVariantGroup;
			children = (
				1CE73C2624D32B9A00F39922 /* Base */,
			);
			name = LaunchScreen.storyboard;
			sourceTree = "<group>";
		};
/* End PBXVariantGroup section */

/* Begin XCBuildConfiguration section */
		1CE73C2924D32B9A00F39922 /* Debug */ = {
			isa = XCBuildConfiguration;
			buildSettings = {
				ALWAYS_SEARCH_USER_PATHS = NO;
				CLANG_ANALYZER_NONNULL = YES;
				CLANG_ANALYZER_NUMBER_OBJECT_CONVERSION = YES_AGGRESSIVE;
				CLANG_CXX_LANGUAGE_STANDARD = "gnu++14";
				CLANG_CXX_LIBRARY = "libc++";
				CLANG_ENABLE_MODULES = YES;
				CLANG_ENABLE_OBJC_ARC = YES;
				CLANG_ENABLE_OBJC_WEAK = YES;
				CLANG_WARN_BLOCK_CAPTURE_AUTORELEASING = YES;
				CLANG_WARN_BOOL_CONVERSION = YES;
				CLANG_WARN_COMMA = YES;
				CLANG_WARN_CONSTANT_CONVERSION = YES;
				CLANG_WARN_DEPRECATED_OBJC_IMPLEMENTATIONS = YES;
				CLANG_WARN_DIRECT_OBJC_ISA_USAGE = YES_ERROR;
				CLANG_WARN_DOCUMENTATION_COMMENTS = YES;
				CLANG_WARN_EMPTY_BODY = YES;
				CLANG_WARN_ENUM_CONVERSION = YES;
				CLANG_WARN_INFINITE_RECURSION = YES;
				CLANG_WARN_INT_CONVERSION = YES;
				CLANG_WARN_NON_LITERAL_NULL_CONVERSION = YES;
				CLANG_WARN_OBJC_IMPLICIT_RETAIN_SELF = YES;
				CLANG_WARN_OBJC_LITERAL_CONVERSION = YES;
				CLANG_WARN_OBJC_ROOT_CLASS = YES_ERROR;
				CLANG_WARN_RANGE_LOOP_ANALYSIS = YES;
				CLANG_WARN_STRICT_PROTOTYPES = YES;
				CLANG_WARN_SUSPICIOUS_MOVE = YES;
				CLANG_WARN_UNGUARDED_AVAILABILITY = YES_AGGRESSIVE;
				CLANG_WARN_UNREACHABLE_CODE = YES;
				CLANG_WARN__DUPLICATE_METHOD_MATCH = YES;
				COPY_PHASE_STRIP = NO;
				DEBUG_INFORMATION_FORMAT = dwarf;
				ENABLE_STRICT_OBJC_MSGSEND = YES;
				ENABLE_TESTABILITY = YES;
				GCC_C_LANGUAGE_STANDARD = gnu11;
				GCC_DYNAMIC_NO_PIC = NO;
				GCC_NO_COMMON_BLOCKS = YES;
				GCC_OPTIMIZATION_LEVEL = 0;
				GCC_PREPROCESSOR_DEFINITIONS = (
					"DEBUG=1",
					"$(inherited)",
				);
				GCC_WARN_64_TO_32_BIT_CONVERSION = YES;
				GCC_WARN_ABOUT_RETURN_TYPE = YES_ERROR;
				GCC_WARN_UNDECLARED_SELECTOR = YES;
				GCC_WARN_UNINITIALIZED_AUTOS = YES_AGGRESSIVE;
				GCC_WARN_UNUSED_FUNCTION = YES;
				GCC_WARN_UNUSED_VARIABLE = YES;
				IPHONEOS_DEPLOYMENT_TARGET = 13.5;
				MTL_ENABLE_DEBUG_INFO = INCLUDE_SOURCE;
				MTL_FAST_MATH = YES;
				ONLY_ACTIVE_ARCH = YES;
				SDKROOT = iphoneos;
				SWIFT_ACTIVE_COMPILATION_CONDITIONS = DEBUG;
				SWIFT_OPTIMIZATION_LEVEL = "-Onone";
			};
			name = Debug;
		};
		1CE73C2A24D32B9A00F39922 /* Release */ = {
			isa = XCBuildConfiguration;
			buildSettings = {
				ALWAYS_SEARCH_USER_PATHS = NO;
				CLANG_ANALYZER_NONNULL = YES;
				CLANG_ANALYZER_NUMBER_OBJECT_CONVERSION = YES_AGGRESSIVE;
				CLANG_CXX_LANGUAGE_STANDARD = "gnu++14";
				CLANG_CXX_LIBRARY = "libc++";
				CLANG_ENABLE_MODULES = YES;
				CLANG_ENABLE_OBJC_ARC = YES;
				CLANG_ENABLE_OBJC_WEAK = YES;
				CLANG_WARN_BLOCK_CAPTURE_AUTORELEASING = YES;
				CLANG_WARN_BOOL_CONVERSION = YES;
				CLANG_WARN_COMMA = YES;
				CLANG_WARN_CONSTANT_CONVERSION = YES;
				CLANG_WARN_DEPRECATED_OBJC_IMPLEMENTATIONS = YES;
				CLANG_WARN_DIRECT_OBJC_ISA_USAGE = YES_ERROR;
				CLANG_WARN_DOCUMENTATION_COMMENTS = YES;
				CLANG_WARN_EMPTY_BODY = YES;
				CLANG_WARN_ENUM_CONVERSION = YES;
				CLANG_WARN_INFINITE_RECURSION = YES;
				CLANG_WARN_INT_CONVERSION = YES;
				CLANG_WARN_NON_LITERAL_NULL_CONVERSION = YES;
				CLANG_WARN_OBJC_IMPLICIT_RETAIN_SELF = YES;
				CLANG_WARN_OBJC_LITERAL_CONVERSION = YES;
				CLANG_WARN_OBJC_ROOT_CLASS = YES_ERROR;
				CLANG_WARN_RANGE_LOOP_ANALYSIS = YES;
				CLANG_WARN_STRICT_PROTOTYPES = YES;
				CLANG_WARN_SUSPICIOUS_MOVE = YES;
				CLANG_WARN_UNGUARDED_AVAILABILITY = YES_AGGRESSIVE;
				CLANG_WARN_UNREACHABLE_CODE = YES;
				CLANG_WARN__DUPLICATE_METHOD_MATCH = YES;
				COPY_PHASE_STRIP = NO;
				DEBUG_INFORMATION_FORMAT = "dwarf-with-dsym";
				ENABLE_NS_ASSERTIONS = NO;
				ENABLE_STRICT_OBJC_MSGSEND = YES;
				GCC_C_LANGUAGE_STANDARD = gnu11;
				GCC_NO_COMMON_BLOCKS = YES;
				GCC_WARN_64_TO_32_BIT_CONVERSION = YES;
				GCC_WARN_ABOUT_RETURN_TYPE = YES_ERROR;
				GCC_WARN_UNDECLARED_SELECTOR = YES;
				GCC_WARN_UNINITIALIZED_AUTOS = YES_AGGRESSIVE;
				GCC_WARN_UNUSED_FUNCTION = YES;
				GCC_WARN_UNUSED_VARIABLE = YES;
				IPHONEOS_DEPLOYMENT_TARGET = 13.5;
				MTL_ENABLE_DEBUG_INFO = NO;
				MTL_FAST_MATH = YES;
				SDKROOT = iphoneos;
				SWIFT_COMPILATION_MODE = wholemodule;
				SWIFT_OPTIMIZATION_LEVEL = "-O";
				VALIDATE_PRODUCT = YES;
			};
			name = Release;
		};
		1CE73C2C24D32B9A00F39922 /* Debug */ = {
			isa = XCBuildConfiguration;
			buildSettings = {
				ASSETCATALOG_COMPILER_APPICON_NAME = AppIcon;
				CODE_SIGN_STYLE = Automatic;
				DEVELOPMENT_ASSET_PATHS = "\"GeetanshCard/Preview Content\"";
				DEVELOPMENT_TEAM = R8LN4ARU9Z;
				ENABLE_PREVIEWS = YES;
				INFOPLIST_FILE = GeetanshCard/Info.plist;
				LD_RUNPATH_SEARCH_PATHS = (
					"$(inherited)",
					"@executable_path/Frameworks",
				);
				PRODUCT_BUNDLE_IDENTIFIER = com.SpikedShark.GeetanshCard;
				PRODUCT_NAME = "$(TARGET_NAME)";
				SWIFT_VERSION = 5.0;
				TARGETED_DEVICE_FAMILY = "1,2";
			};
			name = Debug;
		};
		1CE73C2D24D32B9A00F39922 /* Release */ = {
			isa = XCBuildConfiguration;
			buildSettings = {
				ASSETCATALOG_COMPILER_APPICON_NAME = AppIcon;
				CODE_SIGN_STYLE = Automatic;
				DEVELOPMENT_ASSET_PATHS = "\"GeetanshCard/Preview Content\"";
				DEVELOPMENT_TEAM = R8LN4ARU9Z;
				ENABLE_PREVIEWS = YES;
				INFOPLIST_FILE = GeetanshCard/Info.plist;
				LD_RUNPATH_SEARCH_PATHS = (
					"$(inherited)",
					"@executable_path/Frameworks",
				);
				PRODUCT_BUNDLE_IDENTIFIER = com.SpikedShark.GeetanshCard;
				PRODUCT_NAME = "$(TARGET_NAME)";
				SWIFT_VERSION = 5.0;
				TARGETED_DEVICE_FAMILY = "1,2";
			};
			name = Release;
		};
/* End XCBuildConfiguration section */

/* Begin XCConfigurationList section */
		1CE73C1224D32B9800F39922 /* Build configuration list for PBXProject "GeetanshCard" */ = {
			isa = XCConfigurationList;
			buildConfigurations = (
				1CE73C2924D32B9A00F39922 /* Debug */,
				1CE73C2A24D32B9A00F39922 /* Release */,
			);
			defaultConfigurationIsVisible = 0;
			defaultConfigurationName = Release;
		};
		1CE73C2B24D32B9A00F39922 /* Build configuration list for PBXNativeTarget "GeetanshCard" */ = {
			isa = XCConfigurationList;
			buildConfigurations = (
				1CE73C2C24D32B9A00F39922 /* Debug */,
				1CE73C2D24D32B9A00F39922 /* Release */,
			);
			defaultConfigurationIsVisible = 0;
			defaultConfigurationName = Release;
		};
/* End XCConfigurationList section */
	};
	rootObject = 1CE73C0F24D32B9800F39922 /* Project object */;
}
